
Microsoft Visual Studio Solution File, Format Version 12.00
Project("{FAE04EC0-301F-11D3-BF4B-00C04F79EFBC}") = "Kollity.API", "Kollity.API\Kollity.API.csproj", "{8AF0D558-4A7A-4D54-B128-92EBBFF6010D}"
EndProject
Project("{FAE04EC0-301F-11D3-BF4B-00C04F79EFBC}") = "Kollity.Domain", "Kollity.Domain\Kollity.Domain.csproj", "{D6D87777-487A-4FCA-A291-C061D9A210A2}"
EndProject
Project("{FAE04EC0-301F-11D3-BF4B-00C04F79EFBC}") = "Kollity.Application", "Kollity.Application\Kollity.Application.csproj", "{4C83485F-7942-4BE1-801C-C2910D782559}"
EndProject
Project("{FAE04EC0-301F-11D3-BF4B-00C04F79EFBC}") = "Kollity.Persistence", "Kollity.Persistence\Kollity.Persistence.csproj", "{F3923603-7A62-4253-8045-9F18425FFD4B}"
EndProject
Project("{FAE04EC0-301F-11D3-BF4B-00C04F79EFBC}") = "Kollity.Infrastructure", "Kollity.Infrastructure\Kollity.Infrastructure.csproj", "{2F30A7D5-9E9F-45AA-BCBA-B82BC6663437}"
EndProject
Project("{FAE04EC0-301F-11D3-BF4B-00C04F79EFBC}") = "Killity.PlayAroundConsoleApp", "Killity.PlayAroundConsoleApp\Killity.PlayAroundConsoleApp.csproj", "{003B2262-3519-4F2D-8174-5EF3F3DA754F}"
EndProject
Project("{FAE04EC0-301F-11D3-BF4B-00C04F79EFBC}") = "Kollity.Contracts", "Kollity.Contracts\Kollity.Contracts.csproj", "{D8A3F3FE-C59E-4FEC-BAF7-1DFC9E49C5D7}"
EndProject
Project("{FAE04EC0-301F-11D3-BF4B-00C04F79EFBC}") = "Kollity.NotificationServices", "Kollity.NotificationServices\Kollity.NotificationServices.csproj", "{DF619D06-8005-46CC-BA5D-7C4975C50E52}"
EndProject
Global
	GlobalSection(SolutionConfigurationPlatforms) = preSolution
		Debug|Any CPU = Debug|Any CPU
		Release|Any CPU = Release|Any CPU
	EndGlobalSection
	GlobalSection(ProjectConfigurationPlatforms) = postSolution
		{8AF0D558-4A7A-4D54-B128-92EBBFF6010D}.Debug|Any CPU.ActiveCfg = Debug|Any CPU
		{8AF0D558-4A7A-4D54-B128-92EBBFF6010D}.Debug|Any CPU.Build.0 = Debug|Any CPU
		{8AF0D558-4A7A-4D54-B128-92EBBFF6010D}.Release|Any CPU.ActiveCfg = Release|Any CPU
		{8AF0D558-4A7A-4D54-B128-92EBBFF6010D}.Release|Any CPU.Build.0 = Release|Any CPU
		{D6D87777-487A-4FCA-A291-C061D9A210A2}.Debug|Any CPU.ActiveCfg = Debug|Any CPU
		{D6D87777-487A-4FCA-A291-C061D9A210A2}.Debug|Any CPU.Build.0 = Debug|Any CPU
		{D6D87777-487A-4FCA-A291-C061D9A210A2}.Release|Any CPU.ActiveCfg = Release|Any CPU
		{D6D87777-487A-4FCA-A291-C061D9A210A2}.Release|Any CPU.Build.0 = Release|Any CPU
		{4C83485F-7942-4BE1-801C-C2910D782559}.Debug|Any CPU.ActiveCfg = Debug|Any CPU
		{4C83485F-7942-4BE1-801C-C2910D782559}.Debug|Any CPU.Build.0 = Debug|Any CPU
		{4C83485F-7942-4BE1-801C-C2910D782559}.Release|Any CPU.ActiveCfg = Release|Any CPU
		{4C83485F-7942-4BE1-801C-C2910D782559}.Release|Any CPU.Build.0 = Release|Any CPU
		{F3923603-7A62-4253-8045-9F18425FFD4B}.Debug|Any CPU.ActiveCfg = Debug|Any CPU
		{F3923603-7A62-4253-8045-9F18425FFD4B}.Debug|Any CPU.Build.0 = Debug|Any CPU
		{F3923603-7A62-4253-8045-9F18425FFD4B}.Release|Any CPU.ActiveCfg = Release|Any CPU
		{F3923603-7A62-4253-8045-9F18425FFD4B}.Release|Any CPU.Build.0 = Release|Any CPU
		{2F30A7D5-9E9F-45AA-BCBA-B82BC6663437}.Debug|Any CPU.ActiveCfg = Debug|Any CPU
		{2F30A7D5-9E9F-45AA-BCBA-B82BC6663437}.Debug|Any CPU.Build.0 = Debug|Any CPU
		{2F30A7D5-9E9F-45AA-BCBA-B82BC6663437}.Release|Any CPU.ActiveCfg = Release|Any CPU
		{2F30A7D5-9E9F-45AA-BCBA-B82BC6663437}.Release|Any CPU.Build.0 = Release|Any CPU
		{003B2262-3519-4F2D-8174-5EF3F3DA754F}.Debug|Any CPU.ActiveCfg = Debug|Any CPU
		{003B2262-3519-4F2D-8174-5EF3F3DA754F}.Debug|Any CPU.Build.0 = Debug|Any CPU
		{003B2262-3519-4F2D-8174-5EF3F3DA754F}.Release|Any CPU.ActiveCfg = Release|Any CPU
		{003B2262-3519-4F2D-8174-5EF3F3DA754F}.Release|Any CPU.Build.0 = Release|Any CPU
		{D8A3F3FE-C59E-4FEC-BAF7-1DFC9E49C5D7}.Debug|Any CPU.ActiveCfg = Debug|Any CPU
		{D8A3F3FE-C59E-4FEC-BAF7-1DFC9E49C5D7}.Debug|Any CPU.Build.0 = Debug|Any CPU
		{D8A3F3FE-C59E-4FEC-BAF7-1DFC9E49C5D7}.Release|Any CPU.ActiveCfg = Release|Any CPU
		{D8A3F3FE-C59E-4FEC-BAF7-1DFC9E49C5D7}.Release|Any CPU.Build.0 = Release|Any CPU
		{DF619D06-8005-46CC-BA5D-7C4975C50E52}.Debug|Any CPU.ActiveCfg = Debug|Any CPU
		{DF619D06-8005-46CC-BA5D-7C4975C50E52}.Debug|Any CPU.Build.0 = Debug|Any CPU
		{DF619D06-8005-46CC-BA5D-7C4975C50E52}.Release|Any CPU.ActiveCfg = Release|Any CPU
		{DF619D06-8005-46CC-BA5D-7C4975C50E52}.Release|Any CPU.Build.0 = Release|Any CPU
	EndGlobalSection
EndGlobal
